
Microsoft Visual Studio Solution File, Format Version 12.00
# Visual Studio Version 16
VisualStudioVersion = 16.0.29503.13
MinimumVisualStudioVersion = 10.0.40219.1
Project("{8BC9CEB8-8B4A-11D0-8D11-00A0C91BC942}") = "PathFinder", "PathFinder\PathFinder.vcxproj", "{B56D4E60-BB3F-4367-9C0D-F9A222B69017}"
EndProject
Global
	GlobalSection(SolutionConfigurationPlatforms) = preSolution
		Debug|x64 = Debug|x64
		Debug|x86 = Debug|x86
		Release|x64 = Release|x64
		Release|x86 = Release|x86
	EndGlobalSection
	GlobalSection(ProjectConfigurationPlatforms) = postSolution
		{B56D4E60-BB3F-4367-9C0D-F9A222B69017}.Debug|x64.ActiveCfg = Debug|x64
		{B56D4E60-BB3F-4367-9C0D-F9A222B69017}.Debug|x64.Build.0 = Debug|x64
		{B56D4E60-BB3F-4367-9C0D-F9A222B69017}.Debug|x86.ActiveCfg = Debug|Win32
		{B56D4E60-BB3F-4367-9C0D-F9A222B69017}.Debug|x86.Build.0 = Debug|Win32
		{B56D4E60-BB3F-4367-9C0D-F9A222B69017}.Release|x64.ActiveCfg = Release|x64
		{B56D4E60-BB3F-4367-9C0D-F9A222B69017}.Release|x64.Build.0 = Release|x64
		{B56D4E60-BB3F-4367-9C0D-F9A222B69017}.Release|x86.ActiveCfg = Release|Win32
		{B56D4E60-BB3F-4367-9C0D-F9A222B69017}.Release|x86.Build.0 = Release|Win32
	EndGlobalSection
	GlobalSection(SolutionProperties) = preSolution
		HideSolutionNode = FALSE
	EndGlobalSection
	GlobalSection(ExtensibilityGlobals) = postSolution
		SolutionGuid = {45FAB8F2-C5E8-494D-8F19-94A4195B51DB}
	EndGlobalSection
EndGlobal
